// !$*UTF8*$!
{
	archiveVersion = 1;
	classes = {
	};
	objectVersion = 55;
	objects = {

/* Begin PBXBuildFile section */
		21631F58281CAE93003B8725 /* AppDelegate.swift in Sources */ = {isa = PBXBuildFile; fileRef = 21631F57281CAE93003B8725 /* AppDelegate.swift */; };
		21631F5A281CAE93003B8725 /* SceneDelegate.swift in Sources */ = {isa = PBXBuildFile; fileRef = 21631F59281CAE93003B8725 /* SceneDelegate.swift */; };
		21631F5C281CAE93003B8725 /* LoginViewController.swift in Sources */ = {isa = PBXBuildFile; fileRef = 21631F5B281CAE93003B8725 /* LoginViewController.swift */; };
		21631F5F281CAE93003B8725 /* Main.storyboard in Resources */ = {isa = PBXBuildFile; fileRef = 21631F5D281CAE93003B8725 /* Main.storyboard */; };
		21631F61281CAE98003B8725 /* Assets.xcassets in Resources */ = {isa = PBXBuildFile; fileRef = 21631F60281CAE98003B8725 /* Assets.xcassets */; };
		21631F64281CAE98003B8725 /* LaunchScreen.storyboard in Resources */ = {isa = PBXBuildFile; fileRef = 21631F62281CAE98003B8725 /* LaunchScreen.storyboard */; };
		21631F71281CF743003B8725 /* GoogleService-Info.plist in Resources */ = {isa = PBXBuildFile; fileRef = 21631F70281CF743003B8725 /* GoogleService-Info.plist */; };
		218EE318281DFCDB00B97971 /* User.swift in Sources */ = {isa = PBXBuildFile; fileRef = 218EE317281DFCDB00B97971 /* User.swift */; };
		218EE31B281E04C700B97971 /* FCollectionRefernce.swift in Sources */ = {isa = PBXBuildFile; fileRef = 218EE31A281E04C700B97971 /* FCollectionRefernce.swift */; };
		218EE31D281E077A00B97971 /* FUserListener.swift in Sources */ = {isa = PBXBuildFile; fileRef = 218EE31C281E077A00B97971 /* FUserListener.swift */; };
		54C445075A5FEB221880B1D5 /* Pods_Dardesh.framework in Frameworks */ = {isa = PBXBuildFile; fileRef = 72CF15BC1EEB915F138FCDCE /* Pods_Dardesh.framework */; };
/* End PBXBuildFile section */

/* Begin PBXFileReference section */
		21631F54281CAE93003B8725 /* Dardesh.app */ = {isa = PBXFileReference; explicitFileType = wrapper.application; includeInIndex = 0; path = Dardesh.app; sourceTree = BUILT_PRODUCTS_DIR; };
		21631F57281CAE93003B8725 /* AppDelegate.swift */ = {isa = PBXFileReference; lastKnownFileType = sourcecode.swift; path = AppDelegate.swift; sourceTree = "<group>"; };
		21631F59281CAE93003B8725 /* SceneDelegate.swift */ = {isa = PBXFileReference; lastKnownFileType = sourcecode.swift; path = SceneDelegate.swift; sourceTree = "<group>"; };
		21631F5B281CAE93003B8725 /* LoginViewController.swift */ = {isa = PBXFileReference; lastKnownFileType = sourcecode.swift; path = LoginViewController.swift; sourceTree = "<group>"; };
		21631F5E281CAE93003B8725 /* Base */ = {isa = PBXFileReference; lastKnownFileType = file.storyboard; name = Base; path = Base.lproj/Main.storyboard; sourceTree = "<group>"; };
		21631F60281CAE98003B8725 /* Assets.xcassets */ = {isa = PBXFileReference; lastKnownFileType = folder.assetcatalog; path = Assets.xcassets; sourceTree = "<group>"; };
		21631F63281CAE98003B8725 /* Base */ = {isa = PBXFileReference; lastKnownFileType = file.storyboard; name = Base; path = Base.lproj/LaunchScreen.storyboard; sourceTree = "<group>"; };
		21631F65281CAE98003B8725 /* Info.plist */ = {isa = PBXFileReference; lastKnownFileType = text.plist.xml; path = Info.plist; sourceTree = "<group>"; };
		21631F70281CF743003B8725 /* GoogleService-Info.plist */ = {isa = PBXFileReference; fileEncoding = 4; lastKnownFileType = text.plist.xml; path = "GoogleService-Info.plist"; sourceTree = "<group>"; };
		218EE317281DFCDB00B97971 /* User.swift */ = {isa = PBXFileReference; lastKnownFileType = sourcecode.swift; path = User.swift; sourceTree = "<group>"; };
		218EE31A281E04C700B97971 /* FCollectionRefernce.swift */ = {isa = PBXFileReference; lastKnownFileType = sourcecode.swift; path = FCollectionRefernce.swift; sourceTree = "<group>"; };
		218EE31C281E077A00B97971 /* FUserListener.swift */ = {isa = PBXFileReference; lastKnownFileType = sourcecode.swift; path = FUserListener.swift; sourceTree = "<group>"; };
		6F39C4BAE55E98A3111B31B0 /* Pods-Dardesh.debug.xcconfig */ = {isa = PBXFileReference; includeInIndex = 1; lastKnownFileType = text.xcconfig; name = "Pods-Dardesh.debug.xcconfig"; path = "Target Support Files/Pods-Dardesh/Pods-Dardesh.debug.xcconfig"; sourceTree = "<group>"; };
		72CF15BC1EEB915F138FCDCE /* Pods_Dardesh.framework */ = {isa = PBXFileReference; explicitFileType = wrapper.framework; includeInIndex = 0; path = Pods_Dardesh.framework; sourceTree = BUILT_PRODUCTS_DIR; };
		949430FE2CD7F211DAF4C8F5 /* Pods-Dardesh.release.xcconfig */ = {isa = PBXFileReference; includeInIndex = 1; lastKnownFileType = text.xcconfig; name = "Pods-Dardesh.release.xcconfig"; path = "Target Support Files/Pods-Dardesh/Pods-Dardesh.release.xcconfig"; sourceTree = "<group>"; };
/* End PBXFileReference section */

/* Begin PBXFrameworksBuildPhase section */
		21631F51281CAE93003B8725 /* Frameworks */ = {
			isa = PBXFrameworksBuildPhase;
			buildActionMask = 2147483647;
			files = (
				54C445075A5FEB221880B1D5 /* Pods_Dardesh.framework in Frameworks */,
			);
			runOnlyForDeploymentPostprocessing = 0;
		};
/* End PBXFrameworksBuildPhase section */

/* Begin PBXGroup section */
		21631F4B281CAE93003B8725 = {
			isa = PBXGroup;
			children = (
				21631F56281CAE93003B8725 /* Dardesh */,
				21631F55281CAE93003B8725 /* Products */,
				67D6DE5BB2A9DD9ABB5C545A /* Pods */,
				A66B0061EA876953D1176C09 /* Frameworks */,
			);
			sourceTree = "<group>";
		};
		21631F55281CAE93003B8725 /* Products */ = {
			isa = PBXGroup;
			children = (
				21631F54281CAE93003B8725 /* Dardesh.app */,
			);
			name = Products;
			sourceTree = "<group>";
		};
		21631F56281CAE93003B8725 /* Dardesh */ = {
			isa = PBXGroup;
			children = (
				21631F57281CAE93003B8725 /* AppDelegate.swift */,
				21631F59281CAE93003B8725 /* SceneDelegate.swift */,
				21631F5B281CAE93003B8725 /* LoginViewController.swift */,
				21631F5D281CAE93003B8725 /* Main.storyboard */,
				21631F60281CAE98003B8725 /* Assets.xcassets */,
				21631F62281CAE98003B8725 /* LaunchScreen.storyboard */,
				21631F65281CAE98003B8725 /* Info.plist */,
				21631F70281CF743003B8725 /* GoogleService-Info.plist */,
				218EE319281DFDFA00B97971 /* Model */,
				218EE31A281E04C700B97971 /* FCollectionRefernce.swift */,
				218EE31C281E077A00B97971 /* FUserListener.swift */,
			);
			path = Dardesh;
			sourceTree = "<group>";
		};
		218EE319281DFDFA00B97971 /* Model */ = {
			isa = PBXGroup;
			children = (
				218EE317281DFCDB00B97971 /* User.swift */,
			);
			path = Model;
			sourceTree = "<group>";
		};
		67D6DE5BB2A9DD9ABB5C545A /* Pods */ = {
			isa = PBXGroup;
			children = (
				6F39C4BAE55E98A3111B31B0 /* Pods-Dardesh.debug.xcconfig */,
				949430FE2CD7F211DAF4C8F5 /* Pods-Dardesh.release.xcconfig */,
			);
			path = Pods;
			sourceTree = "<group>";
		};
		A66B0061EA876953D1176C09 /* Frameworks */ = {
			isa = PBXGroup;
			children = (
				72CF15BC1EEB915F138FCDCE /* Pods_Dardesh.framework */,
			);
			name = Frameworks;
			sourceTree = "<group>";
		};
/* End PBXGroup section */

/* Begin PBXNativeTarget section */
		21631F53281CAE93003B8725 /* Dardesh */ = {
			isa = PBXNativeTarget;
			buildConfigurationList = 21631F68281CAE98003B8725 /* Build configuration list for PBXNativeTarget "Dardesh" */;
			buildPhases = (
				D28E73CEF4BB3D44F28F3B8F /* [CP] Check Pods Manifest.lock */,
				21631F50281CAE93003B8725 /* Sources */,
				21631F51281CAE93003B8725 /* Frameworks */,
				21631F52281CAE93003B8725 /* Resources */,
				E4548F37D34BCA0EF3BC3CA9 /* [CP] Embed Pods Frameworks */,
			);
			buildRules = (
			);
			dependencies = (
			);
			name = Dardesh;
			packageProductDependencies = (
			);
			productName = Dardesh;
			productReference = 21631F54281CAE93003B8725 /* Dardesh.app */;
			productType = "com.apple.product-type.application";
		};
/* End PBXNativeTarget section */

/* Begin PBXProject section */
		21631F4C281CAE93003B8725 /* Project object */ = {
			isa = PBXProject;
			attributes = {
				BuildIndependentTargetsInParallel = 1;
				LastSwiftUpdateCheck = 1300;
				LastUpgradeCheck = 1300;
				TargetAttributes = {
					21631F53281CAE93003B8725 = {
						CreatedOnToolsVersion = 13.0;
					};
				};
			};
			buildConfigurationList = 21631F4F281CAE93003B8725 /* Build configuration list for PBXProject "Dardesh" */;
			compatibilityVersion = "Xcode 13.0";
			developmentRegion = en;
			hasScannedForEncodings = 0;
			knownRegions = (
				en,
				Base,
			);
			mainGroup = 21631F4B281CAE93003B8725;
			packageReferences = (
			);
			productRefGroup = 21631F55281CAE93003B8725 /* Products */;
			projectDirPath = "";
			projectRoot = "";
			targets = (
				21631F53281CAE93003B8725 /* Dardesh */,
			);
		};
/* End PBXProject section */

/* Begin PBXResourcesBuildPhase section */
		21631F52281CAE93003B8725 /* Resources */ = {
			isa = PBXResourcesBuildPhase;
			buildActionMask = 2147483647;
			files = (
				21631F64281CAE98003B8725 /* LaunchScreen.storyboard in Resources */,
				21631F71281CF743003B8725 /* GoogleService-Info.plist in Resources */,
				21631F61281CAE98003B8725 /* Assets.xcassets in Resources */,
				21631F5F281CAE93003B8725 /* Main.storyboard in Resources */,
			);
			runOnlyForDeploymentPostprocessing = 0;
		};
/* End PBXResourcesBuildPhase section */

/* Begin PBXShellScriptBuildPhase section */
		D28E73CEF4BB3D44F28F3B8F /* [CP] Check Pods Manifest.lock */ = {
			isa = PBXShellScriptBuildPhase;
			buildActionMask = 2147483647;
			files = (
			);
			inputFileListPaths = (
			);
			inputPaths = (
				"${PODS_PODFILE_DIR_PATH}/Podfile.lock",
				"${PODS_ROOT}/Manifest.lock",
			);
			name = "[CP] Check Pods Manifest.lock";
			outputFileListPaths = (
			);
			outputPaths = (
				"$(DERIVED_FILE_DIR)/Pods-Dardesh-checkManifestLockResult.txt",
			);
			runOnlyForDeploymentPostprocessing = 0;
			shellPath = /bin/sh;
			shellScript = "diff \"${PODS_PODFILE_DIR_PATH}/Podfile.lock\" \"${PODS_ROOT}/Manifest.lock\" > /dev/null\nif [ $? != 0 ] ; then\n    # print error to STDERR\n    echo \"error: The sandbox is not in sync with the Podfile.lock. Run 'pod install' or update your CocoaPods installation.\" >&2\n    exit 1\nfi\n# This output is used by Xcode 'outputs' to avoid re-running this script phase.\necho \"SUCCESS\" > \"${SCRIPT_OUTPUT_FILE_0}\"\n";
			showEnvVarsInLog = 0;
		};
		E4548F37D34BCA0EF3BC3CA9 /* [CP] Embed Pods Frameworks */ = {
			isa = PBXShellScriptBuildPhase;
			buildActionMask = 2147483647;
			files = (
			);
			inputFileListPaths = (
				"${PODS_ROOT}/Target Support Files/Pods-Dardesh/Pods-Dardesh-frameworks-${CONFIGURATION}-input-files.xcfilelist",
			);
			name = "[CP] Embed Pods Frameworks";
			outputFileListPaths = (
				"${PODS_ROOT}/Target Support Files/Pods-Dardesh/Pods-Dardesh-frameworks-${CONFIGURATION}-output-files.xcfilelist",
			);
			runOnlyForDeploymentPostprocessing = 0;
			shellPath = /bin/sh;
			shellScript = "\"${PODS_ROOT}/Target Support Files/Pods-Dardesh/Pods-Dardesh-frameworks.sh\"\n";
			showEnvVarsInLog = 0;
		};
/* End PBXShellScriptBuildPhase section */

/* Begin PBXSourcesBuildPhase section */
		21631F50281CAE93003B8725 /* Sources */ = {
			isa = PBXSourcesBuildPhase;
			buildActionMask = 2147483647;
			files = (
				218EE318281DFCDB00B97971 /* User.swift in Sources */,
				218EE31B281E04C700B97971 /* FCollectionRefernce.swift in Sources */,
				21631F5C281CAE93003B8725 /* LoginViewController.swift in Sources */,
				218EE31D281E077A00B97971 /* FUserListener.swift in Sources */,
				21631F58281CAE93003B8725 /* AppDelegate.swift in Sources */,
				21631F5A281CAE93003B8725 /* SceneDelegate.swift in Sources */,
			);
			runOnlyForDeploymentPostprocessing = 0;
		};
/* End PBXSourcesBuildPhase section */

/* Begin PBXVariantGroup section */
		21631F5D281CAE93003B8725 /* Main.storyboard */ = {
			isa = PBXVariantGroup;
			children = (
				21631F5E281CAE93003B8725 /* Base */,
			);
			name = Main.storyboard;
			sourceTree = "<group>";
		};
		21631F62281CAE98003B8725 /* LaunchScreen.storyboard */ = {
			isa = PBXVariantGroup;
			children = (
				21631F63281CAE98003B8725 /* Base */,
			);
			name = LaunchScreen.storyboard;
			sourceTree = "<group>";
		};
/* End PBXVariantGroup section */

/* Begin XCBuildConfiguration section */
		21631F66281CAE98003B8725 /* Debug */ = {
			isa = XCBuildConfiguration;
			buildSettings = {
				ALWAYS_SEARCH_USER_PATHS = NO;
				CLANG_ANALYZER_NONNULL = YES;
				CLANG_ANALYZER_NUMBER_OBJECT_CONVERSION = YES_AGGRESSIVE;
				CLANG_CXX_LANGUAGE_STANDARD = "gnu++17";
				CLANG_CXX_LIBRARY = "libc++";
				CLANG_ENABLE_MODULES = YES;
				CLANG_ENABLE_OBJC_ARC = YES;
				CLANG_ENABLE_OBJC_WEAK = YES;
				CLANG_WARN_BLOCK_CAPTURE_AUTORELEASING = YES;
				CLANG_WARN_BOOL_CONVERSION = YES;
				CLANG_WARN_COMMA = YES;
				CLANG_WARN_CONSTANT_CONVERSION = YES;
				CLANG_WARN_DEPRECATED_OBJC_IMPLEMENTATIONS = YES;
				CLANG_WARN_DIRECT_OBJC_ISA_USAGE = YES_ERROR;
				CLANG_WARN_DOCUMENTATION_COMMENTS = YES;
				CLANG_WARN_EMPTY_BODY = YES;
				CLANG_WARN_ENUM_CONVERSION = YES;
				CLANG_WARN_INFINITE_RECURSION = YES;
				CLANG_WARN_INT_CONVERSION = YES;
				CLANG_WARN_NON_LITERAL_NULL_CONVERSION = YES;
				CLANG_WARN_OBJC_IMPLICIT_RETAIN_SELF = YES;
				CLANG_WARN_OBJC_LITERAL_CONVERSION = YES;
				CLANG_WARN_OBJC_ROOT_CLASS = YES_ERROR;
				CLANG_WARN_QUOTED_INCLUDE_IN_FRAMEWORK_HEADER = YES;
				CLANG_WARN_RANGE_LOOP_ANALYSIS = YES;
				CLANG_WARN_STRICT_PROTOTYPES = YES;
				CLANG_WARN_SUSPICIOUS_MOVE = YES;
				CLANG_WARN_UNGUARDED_AVAILABILITY = YES_AGGRESSIVE;
				CLANG_WARN_UNREACHABLE_CODE = YES;
				CLANG_WARN__DUPLICATE_METHOD_MATCH = YES;
				COPY_PHASE_STRIP = NO;
				DEBUG_INFORMATION_FORMAT = dwarf;
				ENABLE_STRICT_OBJC_MSGSEND = YES;
				ENABLE_TESTABILITY = YES;
				GCC_C_LANGUAGE_STANDARD = gnu11;
				GCC_DYNAMIC_NO_PIC = NO;
				GCC_NO_COMMON_BLOCKS = YES;
				GCC_OPTIMIZATION_LEVEL = 0;
				GCC_PREPROCESSOR_DEFINITIONS = (
					"DEBUG=1",
					"$(inherited)",
				);
				GCC_WARN_64_TO_32_BIT_CONVERSION = YES;
				GCC_WARN_ABOUT_RETURN_TYPE = YES_ERROR;
				GCC_WARN_UNDECLARED_SELECTOR = YES;
				GCC_WARN_UNINITIALIZED_AUTOS = YES_AGGRESSIVE;
				GCC_WARN_UNUSED_FUNCTION = YES;
				GCC_WARN_UNUSED_VARIABLE = YES;
				IPHONEOS_DEPLOYMENT_TARGET = 15.0;
				MTL_ENABLE_DEBUG_INFO = INCLUDE_SOURCE;
				MTL_FAST_MATH = YES;
				ONLY_ACTIVE_ARCH = YES;
				SDKROOT = iphoneos;
				SWIFT_ACTIVE_COMPILATION_CONDITIONS = DEBUG;
				SWIFT_OPTIMIZATION_LEVEL = "-Onone";
			};
			name = Debug;
		};
		21631F67281CAE98003B8725 /* Release */ = {
			isa = XCBuildConfiguration;
			buildSettings = {
				ALWAYS_SEARCH_USER_PATHS = NO;
				CLANG_ANALYZER_NONNULL = YES;
				CLANG_ANALYZER_NUMBER_OBJECT_CONVERSION = YES_AGGRESSIVE;
				CLANG_CXX_LANGUAGE_STANDARD = "gnu++17";
				CLANG_CXX_LIBRARY = "libc++";
				CLANG_ENABLE_MODULES = YES;
				CLANG_ENABLE_OBJC_ARC = YES;
				CLANG_ENABLE_OBJC_WEAK = YES;
				CLANG_WARN_BLOCK_CAPTURE_AUTORELEASING = YES;
				CLANG_WARN_BOOL_CONVERSION = YES;
				CLANG_WARN_COMMA = YES;
				CLANG_WARN_CONSTANT_CONVERSION = YES;
				CLANG_WARN_DEPRECATED_OBJC_IMPLEMENTATIONS = YES;
				CLANG_WARN_DIRECT_OBJC_ISA_USAGE = YES_ERROR;
				CLANG_WARN_DOCUMENTATION_COMMENTS = YES;
				CLANG_WARN_EMPTY_BODY = YES;
				CLANG_WARN_ENUM_CONVERSION = YES;
				CLANG_WARN_INFINITE_RECURSION = YES;
				CLANG_WARN_INT_CONVERSION = YES;
				CLANG_WARN_NON_LITERAL_NULL_CONVERSION = YES;
				CLANG_WARN_OBJC_IMPLICIT_RETAIN_SELF = YES;
				CLANG_WARN_OBJC_LITERAL_CONVERSION = YES;
				CLANG_WARN_OBJC_ROOT_CLASS = YES_ERROR;
				CLANG_WARN_QUOTED_INCLUDE_IN_FRAMEWORK_HEADER = YES;
				CLANG_WARN_RANGE_LOOP_ANALYSIS = YES;
				CLANG_WARN_STRICT_PROTOTYPES = YES;
				CLANG_WARN_SUSPICIOUS_MOVE = YES;
				CLANG_WARN_UNGUARDED_AVAILABILITY = YES_AGGRESSIVE;
				CLANG_WARN_UNREACHABLE_CODE = YES;
				CLANG_WARN__DUPLICATE_METHOD_MATCH = YES;
				COPY_PHASE_STRIP = NO;
				DEBUG_INFORMATION_FORMAT = "dwarf-with-dsym";
				ENABLE_NS_ASSERTIONS = NO;
				ENABLE_STRICT_OBJC_MSGSEND = YES;
				GCC_C_LANGUAGE_STANDARD = gnu11;
				GCC_NO_COMMON_BLOCKS = YES;
				GCC_WARN_64_TO_32_BIT_CONVERSION = YES;
				GCC_WARN_ABOUT_RETURN_TYPE = YES_ERROR;
				GCC_WARN_UNDECLARED_SELECTOR = YES;
				GCC_WARN_UNINITIALIZED_AUTOS = YES_AGGRESSIVE;
				GCC_WARN_UNUSED_FUNCTION = YES;
				GCC_WARN_UNUSED_VARIABLE = YES;
				IPHONEOS_DEPLOYMENT_TARGET = 15.0;
				MTL_ENABLE_DEBUG_INFO = NO;
				MTL_FAST_MATH = YES;
				SDKROOT = iphoneos;
				SWIFT_COMPILATION_MODE = wholemodule;
				SWIFT_OPTIMIZATION_LEVEL = "-O";
				VALIDATE_PRODUCT = YES;
			};
			name = Release;
		};
		21631F69281CAE98003B8725 /* Debug */ = {
			isa = XCBuildConfiguration;
			baseConfigurationReference = 6F39C4BAE55E98A3111B31B0 /* Pods-Dardesh.debug.xcconfig */;
			buildSettings = {
				ASSETCATALOG_COMPILER_APPICON_NAME = AppIcon;
				ASSETCATALOG_COMPILER_GLOBAL_ACCENT_COLOR_NAME = AccentColor;
				CODE_SIGN_STYLE = Automatic;
				CURRENT_PROJECT_VERSION = 1;
				GENERATE_INFOPLIST_FILE = YES;
				INFOPLIST_FILE = Dardesh/Info.plist;
				INFOPLIST_KEY_UIApplicationSupportsIndirectInputEvents = YES;
				INFOPLIST_KEY_UILaunchStoryboardName = LaunchScreen;
				INFOPLIST_KEY_UIMainStoryboardFile = Main;
				INFOPLIST_KEY_UISupportedInterfaceOrientations = UIInterfaceOrientationPortrait;
				INFOPLIST_KEY_UISupportedInterfaceOrientations_iPad = "UIInterfaceOrientationPortrait UIInterfaceOrientationPortraitUpsideDown UIInterfaceOrientationLandscapeLeft UIInterfaceOrientationLandscapeRight";
				INFOPLIST_KEY_UISupportedInterfaceOrientations_iPhone = "UIInterfaceOrientationPortrait UIInterfaceOrientationLandscapeLeft UIInterfaceOrientationLandscapeRight";
				LD_RUNPATH_SEARCH_PATHS = (
					"$(inherited)",
					"@executable_path/Frameworks",
				);
				MARKETING_VERSION = 1.0;
				PRODUCT_BUNDLE_IDENTIFIER = mohamedAbdelhamed.Dardesh;
				PRODUCT_NAME = "$(TARGET_NAME)";
				SWIFT_EMIT_LOC_STRINGS = YES;
				SWIFT_VERSION = 5.0;
				TARGETED_DEVICE_FAMILY = "1,2";
			};
			name = Debug;
		};
		21631F6A281CAE98003B8725 /* Release */ = {
			isa = XCBuildConfiguration;
			baseConfigurationReference = 949430FE2CD7F211DAF4C8F5 /* Pods-Dardesh.release.xcconfig */;
			buildSettings = {
				ASSETCATALOG_COMPILER_APPICON_NAME = AppIcon;
				ASSETCATALOG_COMPILER_GLOBAL_ACCENT_COLOR_NAME = AccentColor;
				CODE_SIGN_STYLE = Automatic;
				CURRENT_PROJECT_VERSION = 1;
				GENERATE_INFOPLIST_FILE = YES;
				INFOPLIST_FILE = Dardesh/Info.plist;
				INFOPLIST_KEY_UIApplicationSupportsIndirectInputEvents = YES;
				INFOPLIST_KEY_UILaunchStoryboardName = LaunchScreen;
				INFOPLIST_KEY_UIMainStoryboardFile = Main;
				INFOPLIST_KEY_UISupportedInterfaceOrientations = UIInterfaceOrientationPortrait;
				INFOPLIST_KEY_UISupportedInterfaceOrientations_iPad = "UIInterfaceOrientationPortrait UIInterfaceOrientationPortraitUpsideDown UIInterfaceOrientationLandscapeLeft UIInterfaceOrientationLandscapeRight";
				INFOPLIST_KEY_UISupportedInterfaceOrientations_iPhone = "UIInterfaceOrientationPortrait UIInterfaceOrientationLandscapeLeft UIInterfaceOrientationLandscapeRight";
				LD_RUNPATH_SEARCH_PATHS = (
					"$(inherited)",
					"@executable_path/Frameworks",
				);
				MARKETING_VERSION = 1.0;
				PRODUCT_BUNDLE_IDENTIFIER = mohamedAbdelhamed.Dardesh;
				PRODUCT_NAME = "$(TARGET_NAME)";
				SWIFT_EMIT_LOC_STRINGS = YES;
				SWIFT_VERSION = 5.0;
				TARGETED_DEVICE_FAMILY = "1,2";
			};
			name = Release;
		};
/* End XCBuildConfiguration section */

/* Begin XCConfigurationList section */
		21631F4F281CAE93003B8725 /* Build configuration list for PBXProject "Dardesh" */ = {
			isa = XCConfigurationList;
			buildConfigurations = (
				21631F66281CAE98003B8725 /* Debug */,
				21631F67281CAE98003B8725 /* Release */,
			);
			defaultConfigurationIsVisible = 0;
			defaultConfigurationName = Release;
		};
		21631F68281CAE98003B8725 /* Build configuration list for PBXNativeTarget "Dardesh" */ = {
			isa = XCConfigurationList;
			buildConfigurations = (
				21631F69281CAE98003B8725 /* Debug */,
				21631F6A281CAE98003B8725 /* Release */,
			);
			defaultConfigurationIsVisible = 0;
			defaultConfigurationName = Release;
		};
/* End XCConfigurationList section */
	};
	rootObject = 21631F4C281CAE93003B8725 /* Project object */;
}
